schema: '2.0'
stages:
  load_data:
    cmd: python src/stage_01_load_save.py --config=config/config.yaml
    deps:
    - path: config/config.yaml
      md5: bcf610e3f974d4b529542e44904f09a5
      size: 287
    - path: src/stage_01_load_save.py
      md5: e0ba5ba4b58ca98ff4c00dc051511d0d
      size: 1022
    - path: src/utils/all_utils.py
      md5: f8049a437b229b3a49a183e7ec718fe5
      size: 676
    outs:
    - path: artifacts/raw_local_dir/winequality-red.csv
      md5: 7d814a1bda02145efe703f4e1c01847a
      size: 91999
  always_run:
    cmd: python rough/test.py
  split_data:
    cmd: python src/stage_02_split_data.py --config=config/config.yaml --params=params.yaml
    deps:
    - path: config/config.yaml
      md5: bcf610e3f974d4b529542e44904f09a5
      size: 287
    - path: src/stage_02_split_data.py
      md5: c91e0e3f9177d98cf9589537850e854e
      size: 1841
    - path: src/utils/all_utils.py
      md5: f8049a437b229b3a49a183e7ec718fe5
      size: 676
    params:
      params.yaml:
        base.random_state: 43
        base.test_size: 0.3
    outs:
    - path: artifacts/split_data_dir/test.csv
      md5: 2234775402fc50bcee60bfbfd1cfb1d5
      size: 27782
    - path: artifacts/split_data_dir/train.csv
      md5: e683c1d146b604dc7ac3a46cfcc079c4
      size: 64363
